// !$*UTF8*$!
{
	archiveVersion = 1;
	classes = {
	};
	objectVersion = 50;
	objects = {

/* Begin PBXBuildFile section */
		545C05CA2555AA6E00520CEC /* AppDelegate.m in Sources */ = {isa = PBXBuildFile; fileRef = 545C05C92555AA6E00520CEC /* AppDelegate.m */; };
		545C05CD2555AA6E00520CEC /* SceneDelegate.m in Sources */ = {isa = PBXBuildFile; fileRef = 545C05CC2555AA6E00520CEC /* SceneDelegate.m */; };
		545C05D02555AA6E00520CEC /* ViewController.m in Sources */ = {isa = PBXBuildFile; fileRef = 545C05CF2555AA6E00520CEC /* ViewController.m */; };
		545C05D32555AA6E00520CEC /* Main.storyboard in Resources */ = {isa = PBXBuildFile; fileRef = 545C05D12555AA6E00520CEC /* Main.storyboard */; };
		545C05D52555AA7100520CEC /* Assets.xcassets in Resources */ = {isa = PBXBuildFile; fileRef = 545C05D42555AA7100520CEC /* Assets.xcassets */; };
		545C05D82555AA7100520CEC /* LaunchScreen.storyboard in Resources */ = {isa = PBXBuildFile; fileRef = 545C05D62555AA7100520CEC /* LaunchScreen.storyboard */; };
		545C05DB2555AA7100520CEC /* main.m in Sources */ = {isa = PBXBuildFile; fileRef = 545C05DA2555AA7100520CEC /* main.m */; };
		545C05E52555B0F800520CEC /* NSDictionary+vkCURD.m in Sources */ = {isa = PBXBuildFile; fileRef = 545C05E42555B0F800520CEC /* NSDictionary+vkCURD.m */; };
/* End PBXBuildFile section */

/* Begin PBXFileReference section */
		545C05C52555AA6E00520CEC /* iOSProject.app */ = {isa = PBXFileReference; explicitFileType = wrapper.application; includeInIndex = 0; path = iOSProject.app; sourceTree = BUILT_PRODUCTS_DIR; };
		545C05C82555AA6E00520CEC /* AppDelegate.h */ = {isa = PBXFileReference; lastKnownFileType = sourcecode.c.h; path = AppDelegate.h; sourceTree = "<group>"; };
		545C05C92555AA6E00520CEC /* AppDelegate.m */ = {isa = PBXFileReference; lastKnownFileType = sourcecode.c.objc; path = AppDelegate.m; sourceTree = "<group>"; };
		545C05CB2555AA6E00520CEC /* SceneDelegate.h */ = {isa = PBXFileReference; lastKnownFileType = sourcecode.c.h; path = SceneDelegate.h; sourceTree = "<group>"; };
		545C05CC2555AA6E00520CEC /* SceneDelegate.m */ = {isa = PBXFileReference; lastKnownFileType = sourcecode.c.objc; path = SceneDelegate.m; sourceTree = "<group>"; };
		545C05CE2555AA6E00520CEC /* ViewController.h */ = {isa = PBXFileReference; lastKnownFileType = sourcecode.c.h; path = ViewController.h; sourceTree = "<group>"; };
		545C05CF2555AA6E00520CEC /* ViewController.m */ = {isa = PBXFileReference; lastKnownFileType = sourcecode.c.objc; path = ViewController.m; sourceTree = "<group>"; };
		545C05D22555AA6E00520CEC /* Base */ = {isa = PBXFileReference; lastKnownFileType = file.storyboard; name = Base; path = Base.lproj/Main.storyboard; sourceTree = "<group>"; };
		545C05D42555AA7100520CEC /* Assets.xcassets */ = {isa = PBXFileReference; lastKnownFileType = folder.assetcatalog; path = Assets.xcassets; sourceTree = "<group>"; };
		545C05D72555AA7100520CEC /* Base */ = {isa = PBXFileReference; lastKnownFileType = file.storyboard; name = Base; path = Base.lproj/LaunchScreen.storyboard; sourceTree = "<group>"; };
		545C05D92555AA7100520CEC /* Info.plist */ = {isa = PBXFileReference; lastKnownFileType = text.plist.xml; path = Info.plist; sourceTree = "<group>"; };
		545C05DA2555AA7100520CEC /* main.m */ = {isa = PBXFileReference; lastKnownFileType = sourcecode.c.objc; path = main.m; sourceTree = "<group>"; };
		545C05E32555B0F800520CEC /* NSDictionary+vkCURD.h */ = {isa = PBXFileReference; lastKnownFileType = sourcecode.c.h; path = "NSDictionary+vkCURD.h"; sourceTree = "<group>"; };
		545C05E42555B0F800520CEC /* NSDictionary+vkCURD.m */ = {isa = PBXFileReference; lastKnownFileType = sourcecode.c.objc; path = "NSDictionary+vkCURD.m"; sourceTree = "<group>"; };
/* End PBXFileReference section */

/* Begin PBXFrameworksBuildPhase section */
		545C05C22555AA6E00520CEC /* Frameworks */ = {
			isa = PBXFrameworksBuildPhase;
			buildActionMask = 2147483647;
			files = (
			);
			runOnlyForDeploymentPostprocessing = 0;
		};
/* End PBXFrameworksBuildPhase section */

/* Begin PBXGroup section */
		545C05BC2555AA6E00520CEC = {
			isa = PBXGroup;
			children = (
				545C05C72555AA6E00520CEC /* iOSProject */,
				545C05C62555AA6E00520CEC /* Products */,
			);
			sourceTree = "<group>";
		};
		545C05C62555AA6E00520CEC /* Products */ = {
			isa = PBXGroup;
			children = (
				545C05C52555AA6E00520CEC /* iOSProject.app */,
			);
			name = Products;
			sourceTree = "<group>";
		};
		545C05C72555AA6E00520CEC /* iOSProject */ = {
			isa = PBXGroup;
			children = (
				545C05E12555AFE800520CEC /* Categories */,
				545C05C82555AA6E00520CEC /* AppDelegate.h */,
				545C05C92555AA6E00520CEC /* AppDelegate.m */,
				545C05CB2555AA6E00520CEC /* SceneDelegate.h */,
				545C05CC2555AA6E00520CEC /* SceneDelegate.m */,
				545C05CE2555AA6E00520CEC /* ViewController.h */,
				545C05CF2555AA6E00520CEC /* ViewController.m */,
				545C05D12555AA6E00520CEC /* Main.storyboard */,
				545C05D42555AA7100520CEC /* Assets.xcassets */,
				545C05D62555AA7100520CEC /* LaunchScreen.storyboard */,
				545C05D92555AA7100520CEC /* Info.plist */,
				545C05DA2555AA7100520CEC /* main.m */,
			);
			path = iOSProject;
			sourceTree = "<group>";
		};
		545C05E12555AFE800520CEC /* Categories */ = {
			isa = PBXGroup;
			children = (
				545C05E22555B01500520CEC /* NSDictionary */,
			);
			path = Categories;
			sourceTree = "<group>";
		};
		545C05E22555B01500520CEC /* NSDictionary */ = {
			isa = PBXGroup;
			children = (
				545C05E32555B0F800520CEC /* NSDictionary+vkCURD.h */,
				545C05E42555B0F800520CEC /* NSDictionary+vkCURD.m */,
			);
			path = NSDictionary;
			sourceTree = "<group>";
		};
/* End PBXGroup section */

/* Begin PBXNativeTarget section */
		545C05C42555AA6E00520CEC /* iOSProject */ = {
			isa = PBXNativeTarget;
			buildConfigurationList = 545C05DE2555AA7100520CEC /* Build configuration list for PBXNativeTarget "iOSProject" */;
			buildPhases = (
				545C05C12555AA6E00520CEC /* Sources */,
				545C05C22555AA6E00520CEC /* Frameworks */,
				545C05C32555AA6E00520CEC /* Resources */,
			);
			buildRules = (
			);
			dependencies = (
			);
			name = iOSProject;
			productName = iOSProject;
			productReference = 545C05C52555AA6E00520CEC /* iOSProject.app */;
			productType = "com.apple.product-type.application";
		};
/* End PBXNativeTarget section */

/* Begin PBXProject section */
		545C05BD2555AA6E00520CEC /* Project object */ = {
			isa = PBXProject;
			attributes = {
				LastUpgradeCheck = 1170;
				ORGANIZATIONNAME = codeWalker;
				TargetAttributes = {
					545C05C42555AA6E00520CEC = {
						CreatedOnToolsVersion = 11.7;
					};
				};
			};
			buildConfigurationList = 545C05C02555AA6E00520CEC /* Build configuration list for PBXProject "iOSProject" */;
			compatibilityVersion = "Xcode 9.3";
			developmentRegion = en;
			hasScannedForEncodings = 0;
			knownRegions = (
				en,
				Base,
			);
			mainGroup = 545C05BC2555AA6E00520CEC;
			productRefGroup = 545C05C62555AA6E00520CEC /* Products */;
			projectDirPath = "";
			projectRoot = "";
			targets = (
				545C05C42555AA6E00520CEC /* iOSProject */,
			);
		};
/* End PBXProject section */

/* Begin PBXResourcesBuildPhase section */
		545C05C32555AA6E00520CEC /* Resources */ = {
			isa = PBXResourcesBuildPhase;
			buildActionMask = 2147483647;
			files = (
				545C05D82555AA7100520CEC /* LaunchScreen.storyboard in Resources */,
				545C05D52555AA7100520CEC /* Assets.xcassets in Resources */,
				545C05D32555AA6E00520CEC /* Main.storyboard in Resources */,
			);
			runOnlyForDeploymentPostprocessing = 0;
		};
/* End PBXResourcesBuildPhase section */

/* Begin PBXSourcesBuildPhase section */
		545C05C12555AA6E00520CEC /* Sources */ = {
			isa = PBXSourcesBuildPhase;
			buildActionMask = 2147483647;
			files = (
				545C05D02555AA6E00520CEC /* ViewController.m in Sources */,
				545C05CA2555AA6E00520CEC /* AppDelegate.m in Sources */,
				545C05DB2555AA7100520CEC /* main.m in Sources */,
				545C05CD2555AA6E00520CEC /* SceneDelegate.m in Sources */,
				545C05E52555B0F800520CEC /* NSDictionary+vkCURD.m in Sources */,
			);
			runOnlyForDeploymentPostprocessing = 0;
		};
/* End PBXSourcesBuildPhase section */

/* Begin PBXVariantGroup section */
		545C05D12555AA6E00520CEC /* Main.storyboard */ = {
			isa = PBXVariantGroup;
			children = (
				545C05D22555AA6E00520CEC /* Base */,
			);
			name = Main.storyboard;
			sourceTree = "<group>";
		};
		545C05D62555AA7100520CEC /* LaunchScreen.storyboard */ = {
			isa = PBXVariantGroup;
			children = (
				545C05D72555AA7100520CEC /* Base */,
			);
			name = LaunchScreen.storyboard;
			sourceTree = "<group>";
		};
/* End PBXVariantGroup section */

/* Begin XCBuildConfiguration section */
		545C05DC2555AA7100520CEC /* Debug */ = {
			isa = XCBuildConfiguration;
			buildSettings = {
				ALWAYS_SEARCH_USER_PATHS = NO;
				CLANG_ANALYZER_NONNULL = YES;
				CLANG_ANALYZER_NUMBER_OBJECT_CONVERSION = YES_AGGRESSIVE;
				CLANG_CXX_LANGUAGE_STANDARD = "gnu++14";
				CLANG_CXX_LIBRARY = "libc++";
				CLANG_ENABLE_MODULES = YES;
				CLANG_ENABLE_OBJC_ARC = YES;
				CLANG_ENABLE_OBJC_WEAK = YES;
				CLANG_WARN_BLOCK_CAPTURE_AUTORELEASING = YES;
				CLANG_WARN_BOOL_CONVERSION = YES;
				CLANG_WARN_COMMA = YES;
				CLANG_WARN_CONSTANT_CONVERSION = YES;
				CLANG_WARN_DEPRECATED_OBJC_IMPLEMENTATIONS = YES;
				CLANG_WARN_DIRECT_OBJC_ISA_USAGE = YES_ERROR;
				CLANG_WARN_DOCUMENTATION_COMMENTS = YES;
				CLANG_WARN_EMPTY_BODY = YES;
				CLANG_WARN_ENUM_CONVERSION = YES;
				CLANG_WARN_INFINITE_RECURSION = YES;
				CLANG_WARN_INT_CONVERSION = YES;
				CLANG_WARN_NON_LITERAL_NULL_CONVERSION = YES;
				CLANG_WARN_OBJC_IMPLICIT_RETAIN_SELF = YES;
				CLANG_WARN_OBJC_LITERAL_CONVERSION = YES;
				CLANG_WARN_OBJC_ROOT_CLASS = YES_ERROR;
				CLANG_WARN_RANGE_LOOP_ANALYSIS = YES;
				CLANG_WARN_STRICT_PROTOTYPES = YES;
				CLANG_WARN_SUSPICIOUS_MOVE = YES;
				CLANG_WARN_UNGUARDED_AVAILABILITY = YES_AGGRESSIVE;
				CLANG_WARN_UNREACHABLE_CODE = YES;
				CLANG_WARN__DUPLICATE_METHOD_MATCH = YES;
				COPY_PHASE_STRIP = NO;
				DEBUG_INFORMATION_FORMAT = dwarf;
				ENABLE_STRICT_OBJC_MSGSEND = YES;
				ENABLE_TESTABILITY = YES;
				GCC_C_LANGUAGE_STANDARD = gnu11;
				GCC_DYNAMIC_NO_PIC = NO;
				GCC_NO_COMMON_BLOCKS = YES;
				GCC_OPTIMIZATION_LEVEL = 0;
				GCC_PREPROCESSOR_DEFINITIONS = (
					"DEBUG=1",
					"$(inherited)",
				);
				GCC_WARN_64_TO_32_BIT_CONVERSION = YES;
				GCC_WARN_ABOUT_RETURN_TYPE = YES_ERROR;
				GCC_WARN_UNDECLARED_SELECTOR = YES;
				GCC_WARN_UNINITIALIZED_AUTOS = YES_AGGRESSIVE;
				GCC_WARN_UNUSED_FUNCTION = YES;
				GCC_WARN_UNUSED_VARIABLE = YES;
				IPHONEOS_DEPLOYMENT_TARGET = 13.7;
				MTL_ENABLE_DEBUG_INFO = INCLUDE_SOURCE;
				MTL_FAST_MATH = YES;
				ONLY_ACTIVE_ARCH = YES;
				SDKROOT = iphoneos;
			};
			name = Debug;
		};
		545C05DD2555AA7100520CEC /* Release */ = {
			isa = XCBuildConfiguration;
			buildSettings = {
				ALWAYS_SEARCH_USER_PATHS = NO;
				CLANG_ANALYZER_NONNULL = YES;
				CLANG_ANALYZER_NUMBER_OBJECT_CONVERSION = YES_AGGRESSIVE;
				CLANG_CXX_LANGUAGE_STANDARD = "gnu++14";
				CLANG_CXX_LIBRARY = "libc++";
				CLANG_ENABLE_MODULES = YES;
				CLANG_ENABLE_OBJC_ARC = YES;
				CLANG_ENABLE_OBJC_WEAK = YES;
				CLANG_WARN_BLOCK_CAPTURE_AUTORELEASING = YES;
				CLANG_WARN_BOOL_CONVERSION = YES;
				CLANG_WARN_COMMA = YES;
				CLANG_WARN_CONSTANT_CONVERSION = YES;
				CLANG_WARN_DEPRECATED_OBJC_IMPLEMENTATIONS = YES;
				CLANG_WARN_DIRECT_OBJC_ISA_USAGE = YES_ERROR;
				CLANG_WARN_DOCUMENTATION_COMMENTS = YES;
				CLANG_WARN_EMPTY_BODY = YES;
				CLANG_WARN_ENUM_CONVERSION = YES;
				CLANG_WARN_INFINITE_RECURSION = YES;
				CLANG_WARN_INT_CONVERSION = YES;
				CLANG_WARN_NON_LITERAL_NULL_CONVERSION = YES;
				CLANG_WARN_OBJC_IMPLICIT_RETAIN_SELF = YES;
				CLANG_WARN_OBJC_LITERAL_CONVERSION = YES;
				CLANG_WARN_OBJC_ROOT_CLASS = YES_ERROR;
				CLANG_WARN_RANGE_LOOP_ANALYSIS = YES;
				CLANG_WARN_STRICT_PROTOTYPES = YES;
				CLANG_WARN_SUSPICIOUS_MOVE = YES;
				CLANG_WARN_UNGUARDED_AVAILABILITY = YES_AGGRESSIVE;
				CLANG_WARN_UNREACHABLE_CODE = YES;
				CLANG_WARN__DUPLICATE_METHOD_MATCH = YES;
				COPY_PHASE_STRIP = NO;
				DEBUG_INFORMATION_FORMAT = "dwarf-with-dsym";
				ENABLE_NS_ASSERTIONS = NO;
				ENABLE_STRICT_OBJC_MSGSEND = YES;
				GCC_C_LANGUAGE_STANDARD = gnu11;
				GCC_NO_COMMON_BLOCKS = YES;
				GCC_WARN_64_TO_32_BIT_CONVERSION = YES;
				GCC_WARN_ABOUT_RETURN_TYPE = YES_ERROR;
				GCC_WARN_UNDECLARED_SELECTOR = YES;
				GCC_WARN_UNINITIALIZED_AUTOS = YES_AGGRESSIVE;
				GCC_WARN_UNUSED_FUNCTION = YES;
				GCC_WARN_UNUSED_VARIABLE = YES;
				IPHONEOS_DEPLOYMENT_TARGET = 13.7;
				MTL_ENABLE_DEBUG_INFO = NO;
				MTL_FAST_MATH = YES;
				SDKROOT = iphoneos;
				VALIDATE_PRODUCT = YES;
			};
			name = Release;
		};
		545C05DF2555AA7100520CEC /* Debug */ = {
			isa = XCBuildConfiguration;
			buildSettings = {
				ASSETCATALOG_COMPILER_APPICON_NAME = AppIcon;
				CODE_SIGN_STYLE = Automatic;
				INFOPLIST_FILE = iOSProject/Info.plist;
				LD_RUNPATH_SEARCH_PATHS = (
					"$(inherited)",
					"@executable_path/Frameworks",
				);
				PRODUCT_BUNDLE_IDENTIFIER = iakiew.iOSProject;
				PRODUCT_NAME = "$(TARGET_NAME)";
				TARGETED_DEVICE_FAMILY = "1,2";
			};
			name = Debug;
		};
		545C05E02555AA7100520CEC /* Release */ = {
			isa = XCBuildConfiguration;
			buildSettings = {
				ASSETCATALOG_COMPILER_APPICON_NAME = AppIcon;
				CODE_SIGN_STYLE = Automatic;
				INFOPLIST_FILE = iOSProject/Info.plist;
				LD_RUNPATH_SEARCH_PATHS = (
					"$(inherited)",
					"@executable_path/Frameworks",
				);
				PRODUCT_BUNDLE_IDENTIFIER = iakiew.iOSProject;
				PRODUCT_NAME = "$(TARGET_NAME)";
				TARGETED_DEVICE_FAMILY = "1,2";
			};
			name = Release;
		};
/* End XCBuildConfiguration section */

/* Begin XCConfigurationList section */
		545C05C02555AA6E00520CEC /* Build configuration list for PBXProject "iOSProject" */ = {
			isa = XCConfigurationList;
			buildConfigurations = (
				545C05DC2555AA7100520CEC /* Debug */,
				545C05DD2555AA7100520CEC /* Release */,
			);
			defaultConfigurationIsVisible = 0;
			defaultConfigurationName = Release;
		};
		545C05DE2555AA7100520CEC /* Build configuration list for PBXNativeTarget "iOSProject" */ = {
			isa = XCConfigurationList;
			buildConfigurations = (
				545C05DF2555AA7100520CEC /* Debug */,
				545C05E02555AA7100520CEC /* Release */,
			);
			defaultConfigurationIsVisible = 0;
			defaultConfigurationName = Release;
		};
/* End XCConfigurationList section */
	};
	rootObject = 545C05BD2555AA6E00520CEC /* Project object */;
}
