// !$*UTF8*$!
{
	archiveVersion = 1;
	classes = {
	};
	objectVersion = 50;
	objects = {

/* Begin PBXBuildFile section */
		545FB7332558811400D37E32 /* NSString+vkPinyin.m in Sources */ = {isa = PBXBuildFile; fileRef = 545FB7322558811400D37E32 /* NSString+vkPinyin.m */; };
		545FB7362558877C00D37E32 /* NSString+vkUUID.m in Sources */ = {isa = PBXBuildFile; fileRef = 545FB7352558877C00D37E32 /* NSString+vkUUID.m */; };
		545FB73925588A4800D37E32 /* NSString+vkXMLDictionary.m in Sources */ = {isa = PBXBuildFile; fileRef = 545FB73825588A4800D37E32 /* NSString+vkXMLDictionary.m */; };
		54D1B8952555E0C40014FD1F /* AppDelegate.m in Sources */ = {isa = PBXBuildFile; fileRef = 54D1B8942555E0C40014FD1F /* AppDelegate.m */; };
		54D1B8982555E0C40014FD1F /* SceneDelegate.m in Sources */ = {isa = PBXBuildFile; fileRef = 54D1B8972555E0C40014FD1F /* SceneDelegate.m */; };
		54D1B89B2555E0C40014FD1F /* ViewController.m in Sources */ = {isa = PBXBuildFile; fileRef = 54D1B89A2555E0C40014FD1F /* ViewController.m */; };
		54D1B89E2555E0C40014FD1F /* Main.storyboard in Resources */ = {isa = PBXBuildFile; fileRef = 54D1B89C2555E0C40014FD1F /* Main.storyboard */; };
		54D1B8A02555E0C60014FD1F /* Assets.xcassets in Resources */ = {isa = PBXBuildFile; fileRef = 54D1B89F2555E0C60014FD1F /* Assets.xcassets */; };
		54D1B8A32555E0C60014FD1F /* LaunchScreen.storyboard in Resources */ = {isa = PBXBuildFile; fileRef = 54D1B8A12555E0C60014FD1F /* LaunchScreen.storyboard */; };
		54D1B8A62555E0C60014FD1F /* main.m in Sources */ = {isa = PBXBuildFile; fileRef = 54D1B8A52555E0C60014FD1F /* main.m */; };
		54D1B8B02555E0D50014FD1F /* NSDictionary+vkCURD.m in Sources */ = {isa = PBXBuildFile; fileRef = 54D1B8AE2555E0D50014FD1F /* NSDictionary+vkCURD.m */; };
/* End PBXBuildFile section */

/* Begin PBXFileReference section */
		545FB7312558811400D37E32 /* NSString+vkPinyin.h */ = {isa = PBXFileReference; lastKnownFileType = sourcecode.c.h; path = "NSString+vkPinyin.h"; sourceTree = "<group>"; };
		545FB7322558811400D37E32 /* NSString+vkPinyin.m */ = {isa = PBXFileReference; lastKnownFileType = sourcecode.c.objc; path = "NSString+vkPinyin.m"; sourceTree = "<group>"; };
		545FB7342558877C00D37E32 /* NSString+vkUUID.h */ = {isa = PBXFileReference; lastKnownFileType = sourcecode.c.h; path = "NSString+vkUUID.h"; sourceTree = "<group>"; };
		545FB7352558877C00D37E32 /* NSString+vkUUID.m */ = {isa = PBXFileReference; lastKnownFileType = sourcecode.c.objc; path = "NSString+vkUUID.m"; sourceTree = "<group>"; };
		545FB73725588A4800D37E32 /* NSString+vkXMLDictionary.h */ = {isa = PBXFileReference; lastKnownFileType = sourcecode.c.h; path = "NSString+vkXMLDictionary.h"; sourceTree = "<group>"; };
		545FB73825588A4800D37E32 /* NSString+vkXMLDictionary.m */ = {isa = PBXFileReference; lastKnownFileType = sourcecode.c.objc; path = "NSString+vkXMLDictionary.m"; sourceTree = "<group>"; };
		54D1B8902555E0C40014FD1F /* iOSProject.app */ = {isa = PBXFileReference; explicitFileType = wrapper.application; includeInIndex = 0; path = iOSProject.app; sourceTree = BUILT_PRODUCTS_DIR; };
		54D1B8932555E0C40014FD1F /* AppDelegate.h */ = {isa = PBXFileReference; lastKnownFileType = sourcecode.c.h; path = AppDelegate.h; sourceTree = "<group>"; };
		54D1B8942555E0C40014FD1F /* AppDelegate.m */ = {isa = PBXFileReference; lastKnownFileType = sourcecode.c.objc; path = AppDelegate.m; sourceTree = "<group>"; };
		54D1B8962555E0C40014FD1F /* SceneDelegate.h */ = {isa = PBXFileReference; lastKnownFileType = sourcecode.c.h; path = SceneDelegate.h; sourceTree = "<group>"; };
		54D1B8972555E0C40014FD1F /* SceneDelegate.m */ = {isa = PBXFileReference; lastKnownFileType = sourcecode.c.objc; path = SceneDelegate.m; sourceTree = "<group>"; };
		54D1B8992555E0C40014FD1F /* ViewController.h */ = {isa = PBXFileReference; lastKnownFileType = sourcecode.c.h; path = ViewController.h; sourceTree = "<group>"; };
		54D1B89A2555E0C40014FD1F /* ViewController.m */ = {isa = PBXFileReference; lastKnownFileType = sourcecode.c.objc; path = ViewController.m; sourceTree = "<group>"; };
		54D1B89D2555E0C40014FD1F /* Base */ = {isa = PBXFileReference; lastKnownFileType = file.storyboard; name = Base; path = Base.lproj/Main.storyboard; sourceTree = "<group>"; };
		54D1B89F2555E0C60014FD1F /* Assets.xcassets */ = {isa = PBXFileReference; lastKnownFileType = folder.assetcatalog; path = Assets.xcassets; sourceTree = "<group>"; };
		54D1B8A22555E0C60014FD1F /* Base */ = {isa = PBXFileReference; lastKnownFileType = file.storyboard; name = Base; path = Base.lproj/LaunchScreen.storyboard; sourceTree = "<group>"; };
		54D1B8A42555E0C60014FD1F /* Info.plist */ = {isa = PBXFileReference; lastKnownFileType = text.plist.xml; path = Info.plist; sourceTree = "<group>"; };
		54D1B8A52555E0C60014FD1F /* main.m */ = {isa = PBXFileReference; lastKnownFileType = sourcecode.c.objc; path = main.m; sourceTree = "<group>"; };
		54D1B8AE2555E0D50014FD1F /* NSDictionary+vkCURD.m */ = {isa = PBXFileReference; fileEncoding = 4; lastKnownFileType = sourcecode.c.objc; path = "NSDictionary+vkCURD.m"; sourceTree = "<group>"; };
		54D1B8AF2555E0D50014FD1F /* NSDictionary+vkCURD.h */ = {isa = PBXFileReference; fileEncoding = 4; lastKnownFileType = sourcecode.c.h; path = "NSDictionary+vkCURD.h"; sourceTree = "<group>"; };
/* End PBXFileReference section */

/* Begin PBXFrameworksBuildPhase section */
		54D1B88D2555E0C40014FD1F /* Frameworks */ = {
			isa = PBXFrameworksBuildPhase;
			buildActionMask = 2147483647;
			files = (
			);
			runOnlyForDeploymentPostprocessing = 0;
		};
/* End PBXFrameworksBuildPhase section */

/* Begin PBXGroup section */
		545FB72D2558807B00D37E32 /* NSString */ = {
			isa = PBXGroup;
			children = (
				545FB7312558811400D37E32 /* NSString+vkPinyin.h */,
				545FB7322558811400D37E32 /* NSString+vkPinyin.m */,
				545FB7342558877C00D37E32 /* NSString+vkUUID.h */,
				545FB7352558877C00D37E32 /* NSString+vkUUID.m */,
				545FB73725588A4800D37E32 /* NSString+vkXMLDictionary.h */,
				545FB73825588A4800D37E32 /* NSString+vkXMLDictionary.m */,
			);
			path = NSString;
			sourceTree = "<group>";
		};
		54D1B8872555E0C40014FD1F = {
			isa = PBXGroup;
			children = (
				54D1B8922555E0C40014FD1F /* iOSProject */,
				54D1B8912555E0C40014FD1F /* Products */,
			);
			sourceTree = "<group>";
		};
		54D1B8912555E0C40014FD1F /* Products */ = {
			isa = PBXGroup;
			children = (
				54D1B8902555E0C40014FD1F /* iOSProject.app */,
			);
			name = Products;
			sourceTree = "<group>";
		};
		54D1B8922555E0C40014FD1F /* iOSProject */ = {
			isa = PBXGroup;
			children = (
				54D1B8AC2555E0D50014FD1F /* Categories */,
				54D1B8932555E0C40014FD1F /* AppDelegate.h */,
				54D1B8942555E0C40014FD1F /* AppDelegate.m */,
				54D1B8962555E0C40014FD1F /* SceneDelegate.h */,
				54D1B8972555E0C40014FD1F /* SceneDelegate.m */,
				54D1B8992555E0C40014FD1F /* ViewController.h */,
				54D1B89A2555E0C40014FD1F /* ViewController.m */,
				54D1B89C2555E0C40014FD1F /* Main.storyboard */,
				54D1B89F2555E0C60014FD1F /* Assets.xcassets */,
				54D1B8A12555E0C60014FD1F /* LaunchScreen.storyboard */,
				54D1B8A42555E0C60014FD1F /* Info.plist */,
				54D1B8A52555E0C60014FD1F /* main.m */,
			);
			path = iOSProject;
			sourceTree = "<group>";
		};
		54D1B8AC2555E0D50014FD1F /* Categories */ = {
			isa = PBXGroup;
			children = (
				545FB72D2558807B00D37E32 /* NSString */,
				54D1B8AD2555E0D50014FD1F /* NSDictionary */,
			);
			path = Categories;
			sourceTree = "<group>";
		};
		54D1B8AD2555E0D50014FD1F /* NSDictionary */ = {
			isa = PBXGroup;
			children = (
				54D1B8AE2555E0D50014FD1F /* NSDictionary+vkCURD.m */,
				54D1B8AF2555E0D50014FD1F /* NSDictionary+vkCURD.h */,
			);
			path = NSDictionary;
			sourceTree = "<group>";
		};
/* End PBXGroup section */

/* Begin PBXNativeTarget section */
		54D1B88F2555E0C40014FD1F /* iOSProject */ = {
			isa = PBXNativeTarget;
			buildConfigurationList = 54D1B8A92555E0C60014FD1F /* Build configuration list for PBXNativeTarget "iOSProject" */;
			buildPhases = (
				54D1B88C2555E0C40014FD1F /* Sources */,
				54D1B88D2555E0C40014FD1F /* Frameworks */,
				54D1B88E2555E0C40014FD1F /* Resources */,
			);
			buildRules = (
			);
			dependencies = (
			);
			name = iOSProject;
			productName = iOSProject;
			productReference = 54D1B8902555E0C40014FD1F /* iOSProject.app */;
			productType = "com.apple.product-type.application";
		};
/* End PBXNativeTarget section */

/* Begin PBXProject section */
		54D1B8882555E0C40014FD1F /* Project object */ = {
			isa = PBXProject;
			attributes = {
				LastUpgradeCheck = 1170;
				ORGANIZATIONNAME = codeWalker;
				TargetAttributes = {
					54D1B88F2555E0C40014FD1F = {
						CreatedOnToolsVersion = 11.7;
					};
				};
			};
			buildConfigurationList = 54D1B88B2555E0C40014FD1F /* Build configuration list for PBXProject "iOSProject" */;
			compatibilityVersion = "Xcode 9.3";
			developmentRegion = en;
			hasScannedForEncodings = 0;
			knownRegions = (
				en,
				Base,
			);
			mainGroup = 54D1B8872555E0C40014FD1F;
			productRefGroup = 54D1B8912555E0C40014FD1F /* Products */;
			projectDirPath = "";
			projectRoot = "";
			targets = (
				54D1B88F2555E0C40014FD1F /* iOSProject */,
			);
		};
/* End PBXProject section */

/* Begin PBXResourcesBuildPhase section */
		54D1B88E2555E0C40014FD1F /* Resources */ = {
			isa = PBXResourcesBuildPhase;
			buildActionMask = 2147483647;
			files = (
				54D1B8A32555E0C60014FD1F /* LaunchScreen.storyboard in Resources */,
				54D1B8A02555E0C60014FD1F /* Assets.xcassets in Resources */,
				54D1B89E2555E0C40014FD1F /* Main.storyboard in Resources */,
			);
			runOnlyForDeploymentPostprocessing = 0;
		};
/* End PBXResourcesBuildPhase section */

/* Begin PBXSourcesBuildPhase section */
		54D1B88C2555E0C40014FD1F /* Sources */ = {
			isa = PBXSourcesBuildPhase;
			buildActionMask = 2147483647;
			files = (
				545FB73925588A4800D37E32 /* NSString+vkXMLDictionary.m in Sources */,
				54D1B89B2555E0C40014FD1F /* ViewController.m in Sources */,
				54D1B8952555E0C40014FD1F /* AppDelegate.m in Sources */,
				54D1B8A62555E0C60014FD1F /* main.m in Sources */,
				545FB7332558811400D37E32 /* NSString+vkPinyin.m in Sources */,
				54D1B8982555E0C40014FD1F /* SceneDelegate.m in Sources */,
				545FB7362558877C00D37E32 /* NSString+vkUUID.m in Sources */,
				54D1B8B02555E0D50014FD1F /* NSDictionary+vkCURD.m in Sources */,
			);
			runOnlyForDeploymentPostprocessing = 0;
		};
/* End PBXSourcesBuildPhase section */

/* Begin PBXVariantGroup section */
		54D1B89C2555E0C40014FD1F /* Main.storyboard */ = {
			isa = PBXVariantGroup;
			children = (
				54D1B89D2555E0C40014FD1F /* Base */,
			);
			name = Main.storyboard;
			sourceTree = "<group>";
		};
		54D1B8A12555E0C60014FD1F /* LaunchScreen.storyboard */ = {
			isa = PBXVariantGroup;
			children = (
				54D1B8A22555E0C60014FD1F /* Base */,
			);
			name = LaunchScreen.storyboard;
			sourceTree = "<group>";
		};
/* End PBXVariantGroup section */

/* Begin XCBuildConfiguration section */
		54D1B8A72555E0C60014FD1F /* Debug */ = {
			isa = XCBuildConfiguration;
			buildSettings = {
				ALWAYS_SEARCH_USER_PATHS = NO;
				CLANG_ANALYZER_NONNULL = YES;
				CLANG_ANALYZER_NUMBER_OBJECT_CONVERSION = YES_AGGRESSIVE;
				CLANG_CXX_LANGUAGE_STANDARD = "gnu++14";
				CLANG_CXX_LIBRARY = "libc++";
				CLANG_ENABLE_MODULES = YES;
				CLANG_ENABLE_OBJC_ARC = YES;
				CLANG_ENABLE_OBJC_WEAK = YES;
				CLANG_WARN_BLOCK_CAPTURE_AUTORELEASING = YES;
				CLANG_WARN_BOOL_CONVERSION = YES;
				CLANG_WARN_COMMA = YES;
				CLANG_WARN_CONSTANT_CONVERSION = YES;
				CLANG_WARN_DEPRECATED_OBJC_IMPLEMENTATIONS = YES;
				CLANG_WARN_DIRECT_OBJC_ISA_USAGE = YES_ERROR;
				CLANG_WARN_DOCUMENTATION_COMMENTS = YES;
				CLANG_WARN_EMPTY_BODY = YES;
				CLANG_WARN_ENUM_CONVERSION = YES;
				CLANG_WARN_INFINITE_RECURSION = YES;
				CLANG_WARN_INT_CONVERSION = YES;
				CLANG_WARN_NON_LITERAL_NULL_CONVERSION = YES;
				CLANG_WARN_OBJC_IMPLICIT_RETAIN_SELF = YES;
				CLANG_WARN_OBJC_LITERAL_CONVERSION = YES;
				CLANG_WARN_OBJC_ROOT_CLASS = YES_ERROR;
				CLANG_WARN_RANGE_LOOP_ANALYSIS = YES;
				CLANG_WARN_STRICT_PROTOTYPES = YES;
				CLANG_WARN_SUSPICIOUS_MOVE = YES;
				CLANG_WARN_UNGUARDED_AVAILABILITY = YES_AGGRESSIVE;
				CLANG_WARN_UNREACHABLE_CODE = YES;
				CLANG_WARN__DUPLICATE_METHOD_MATCH = YES;
				COPY_PHASE_STRIP = NO;
				DEBUG_INFORMATION_FORMAT = dwarf;
				ENABLE_STRICT_OBJC_MSGSEND = YES;
				ENABLE_TESTABILITY = YES;
				GCC_C_LANGUAGE_STANDARD = gnu11;
				GCC_DYNAMIC_NO_PIC = NO;
				GCC_NO_COMMON_BLOCKS = YES;
				GCC_OPTIMIZATION_LEVEL = 0;
				GCC_PREPROCESSOR_DEFINITIONS = (
					"DEBUG=1",
					"$(inherited)",
				);
				GCC_WARN_64_TO_32_BIT_CONVERSION = YES;
				GCC_WARN_ABOUT_RETURN_TYPE = YES_ERROR;
				GCC_WARN_UNDECLARED_SELECTOR = YES;
				GCC_WARN_UNINITIALIZED_AUTOS = YES_AGGRESSIVE;
				GCC_WARN_UNUSED_FUNCTION = YES;
				GCC_WARN_UNUSED_VARIABLE = YES;
				IPHONEOS_DEPLOYMENT_TARGET = 13.7;
				MTL_ENABLE_DEBUG_INFO = INCLUDE_SOURCE;
				MTL_FAST_MATH = YES;
				ONLY_ACTIVE_ARCH = YES;
				SDKROOT = iphoneos;
			};
			name = Debug;
		};
		54D1B8A82555E0C60014FD1F /* Release */ = {
			isa = XCBuildConfiguration;
			buildSettings = {
				ALWAYS_SEARCH_USER_PATHS = NO;
				CLANG_ANALYZER_NONNULL = YES;
				CLANG_ANALYZER_NUMBER_OBJECT_CONVERSION = YES_AGGRESSIVE;
				CLANG_CXX_LANGUAGE_STANDARD = "gnu++14";
				CLANG_CXX_LIBRARY = "libc++";
				CLANG_ENABLE_MODULES = YES;
				CLANG_ENABLE_OBJC_ARC = YES;
				CLANG_ENABLE_OBJC_WEAK = YES;
				CLANG_WARN_BLOCK_CAPTURE_AUTORELEASING = YES;
				CLANG_WARN_BOOL_CONVERSION = YES;
				CLANG_WARN_COMMA = YES;
				CLANG_WARN_CONSTANT_CONVERSION = YES;
				CLANG_WARN_DEPRECATED_OBJC_IMPLEMENTATIONS = YES;
				CLANG_WARN_DIRECT_OBJC_ISA_USAGE = YES_ERROR;
				CLANG_WARN_DOCUMENTATION_COMMENTS = YES;
				CLANG_WARN_EMPTY_BODY = YES;
				CLANG_WARN_ENUM_CONVERSION = YES;
				CLANG_WARN_INFINITE_RECURSION = YES;
				CLANG_WARN_INT_CONVERSION = YES;
				CLANG_WARN_NON_LITERAL_NULL_CONVERSION = YES;
				CLANG_WARN_OBJC_IMPLICIT_RETAIN_SELF = YES;
				CLANG_WARN_OBJC_LITERAL_CONVERSION = YES;
				CLANG_WARN_OBJC_ROOT_CLASS = YES_ERROR;
				CLANG_WARN_RANGE_LOOP_ANALYSIS = YES;
				CLANG_WARN_STRICT_PROTOTYPES = YES;
				CLANG_WARN_SUSPICIOUS_MOVE = YES;
				CLANG_WARN_UNGUARDED_AVAILABILITY = YES_AGGRESSIVE;
				CLANG_WARN_UNREACHABLE_CODE = YES;
				CLANG_WARN__DUPLICATE_METHOD_MATCH = YES;
				COPY_PHASE_STRIP = NO;
				DEBUG_INFORMATION_FORMAT = "dwarf-with-dsym";
				ENABLE_NS_ASSERTIONS = NO;
				ENABLE_STRICT_OBJC_MSGSEND = YES;
				GCC_C_LANGUAGE_STANDARD = gnu11;
				GCC_NO_COMMON_BLOCKS = YES;
				GCC_WARN_64_TO_32_BIT_CONVERSION = YES;
				GCC_WARN_ABOUT_RETURN_TYPE = YES_ERROR;
				GCC_WARN_UNDECLARED_SELECTOR = YES;
				GCC_WARN_UNINITIALIZED_AUTOS = YES_AGGRESSIVE;
				GCC_WARN_UNUSED_FUNCTION = YES;
				GCC_WARN_UNUSED_VARIABLE = YES;
				IPHONEOS_DEPLOYMENT_TARGET = 13.7;
				MTL_ENABLE_DEBUG_INFO = NO;
				MTL_FAST_MATH = YES;
				SDKROOT = iphoneos;
				VALIDATE_PRODUCT = YES;
			};
			name = Release;
		};
		54D1B8AA2555E0C60014FD1F /* Debug */ = {
			isa = XCBuildConfiguration;
			buildSettings = {
				ASSETCATALOG_COMPILER_APPICON_NAME = AppIcon;
				CODE_SIGN_STYLE = Automatic;
				INFOPLIST_FILE = iOSProject/Info.plist;
				LD_RUNPATH_SEARCH_PATHS = (
					"$(inherited)",
					"@executable_path/Frameworks",
				);
				PRODUCT_BUNDLE_IDENTIFIER = iakiew.iOSProject;
				PRODUCT_NAME = "$(TARGET_NAME)";
				TARGETED_DEVICE_FAMILY = "1,2";
			};
			name = Debug;
		};
		54D1B8AB2555E0C60014FD1F /* Release */ = {
			isa = XCBuildConfiguration;
			buildSettings = {
				ASSETCATALOG_COMPILER_APPICON_NAME = AppIcon;
				CODE_SIGN_STYLE = Automatic;
				INFOPLIST_FILE = iOSProject/Info.plist;
				LD_RUNPATH_SEARCH_PATHS = (
					"$(inherited)",
					"@executable_path/Frameworks",
				);
				PRODUCT_BUNDLE_IDENTIFIER = iakiew.iOSProject;
				PRODUCT_NAME = "$(TARGET_NAME)";
				TARGETED_DEVICE_FAMILY = "1,2";
			};
			name = Release;
		};
/* End XCBuildConfiguration section */

/* Begin XCConfigurationList section */
		54D1B88B2555E0C40014FD1F /* Build configuration list for PBXProject "iOSProject" */ = {
			isa = XCConfigurationList;
			buildConfigurations = (
				54D1B8A72555E0C60014FD1F /* Debug */,
				54D1B8A82555E0C60014FD1F /* Release */,
			);
			defaultConfigurationIsVisible = 0;
			defaultConfigurationName = Release;
		};
		54D1B8A92555E0C60014FD1F /* Build configuration list for PBXNativeTarget "iOSProject" */ = {
			isa = XCConfigurationList;
			buildConfigurations = (
				54D1B8AA2555E0C60014FD1F /* Debug */,
				54D1B8AB2555E0C60014FD1F /* Release */,
			);
			defaultConfigurationIsVisible = 0;
			defaultConfigurationName = Release;
		};
/* End XCConfigurationList section */
	};
	rootObject = 54D1B8882555E0C40014FD1F /* Project object */;
}
